<?xml version="1.0" encoding="utf-8"?>
<Project ToolsVersion="4.0" xmlns="http://schemas.microsoft.com/developer/msbuild/2003">
  <ItemGroup>
    <Filter Include="Engine">
      <UniqueIdentifier>{90136a99-f072-49fc-a483-be9e7bfba951}</UniqueIdentifier>
    </Filter>
    <Filter Include="Engine\Component">
      <UniqueIdentifier>{688d624e-f452-41e6-bd88-77b06553e0ce}</UniqueIdentifier>
    </Filter>
    <Filter Include="Engine\Component\Renderer">
      <UniqueIdentifier>{c0f6b1d5-2c0c-46a3-ac4a-f11a78454679}</UniqueIdentifier>
    </Filter>
    <Filter Include="Engine\Manager">
      <UniqueIdentifier>{e542eb95-274b-4c2f-9c7d-fe5e7ede4a82}</UniqueIdentifier>
    </Filter>
    <Filter Include="Engine\Resource">
      <UniqueIdentifier>{8870fcd1-e22d-4a04-a8c2-b3d119c90fe7}</UniqueIdentifier>
    </Filter>
    <Filter Include="Engine\Shader">
      <UniqueIdentifier>{2b9fe315-1f23-41f2-9337-3fc38f0a5001}</UniqueIdentifier>
    </Filter>
    <Filter Include="Engine\System">
      <UniqueIdentifier>{b29733df-7d05-4ab2-b87d-dc6bc560f830}</UniqueIdentifier>
    </Filter>
    <Filter Include="ModeGame">
      <UniqueIdentifier>{68ffd347-66d8-4495-9a32-a0ad96d849c2}</UniqueIdentifier>
    </Filter>
    <Filter Include="ModeGame\Component">
      <UniqueIdentifier>{5b07ce55-8e39-4504-9609-66659da0592b}</UniqueIdentifier>
    </Filter>
    <Filter Include="ModeGame\Factory">
      <UniqueIdentifier>{d2950502-f561-48d3-bf9e-7f71442b2ab3}</UniqueIdentifier>
    </Filter>
    <Filter Include="ModeResult">
      <UniqueIdentifier>{06c9c24d-d6a9-4d25-86e0-4dd762ff5f9c}</UniqueIdentifier>
    </Filter>
    <Filter Include="ModeResult\Component">
      <UniqueIdentifier>{4b54238c-5c82-45c4-b320-57aa4eb6d0a0}</UniqueIdentifier>
    </Filter>
    <Filter Include="ModeResult\Factory">
      <UniqueIdentifier>{60900691-70fa-4e57-bf9d-fed1e303e983}</UniqueIdentifier>
    </Filter>
    <Filter Include="ModeTitle">
      <UniqueIdentifier>{cd97f095-9160-4be0-9f95-e90b06dff6f7}</UniqueIdentifier>
    </Filter>
    <Filter Include="ModeTitle\Component">
      <UniqueIdentifier>{8ebd2b39-bdf7-4ca3-8935-1cd3e5bfe0d1}</UniqueIdentifier>
    </Filter>
    <Filter Include="ModeTitle\Factory">
      <UniqueIdentifier>{617db313-92e1-49e1-b140-172d14fbebbe}</UniqueIdentifier>
    </Filter>
    <Filter Include="HLSL">
      <UniqueIdentifier>{67DA6AB6-F800-4c08-8B7A-83BB121AAD01}</UniqueIdentifier>
      <Extensions>rc;ico;cur;bmp;dlg;rc2;rct;bin;rgs;gif;jpg;jpeg;jpe;resx;tiff;tif;png;wav;mfcribbon-ms</Extensions>
    </Filter>
    <Filter Include="Imgui">
      <UniqueIdentifier>{5f2e0de9-4494-4ba0-b354-bc0acbae6d2d}</UniqueIdentifier>
    </Filter>
    <Filter Include="CityEngine">
      <UniqueIdentifier>{ba39267e-fe98-467f-a224-93be359d0c06}</UniqueIdentifier>
    </Filter>
    <Filter Include="CityEngine\HalfEdge">
      <UniqueIdentifier>{a62bebaf-babb-4a05-a992-9d52cea9815b}</UniqueIdentifier>
    </Filter>
    <Filter Include="Engine\Component\Collider">
      <UniqueIdentifier>{76326be6-45c1-4b08-8776-1f7d53fefdf9}</UniqueIdentifier>
    </Filter>
    <Filter Include="Engine\Component\Composite">
      <UniqueIdentifier>{feb2cf15-b5bd-4634-9cc0-b51b88165485}</UniqueIdentifier>
    </Filter>
    <Filter Include="Engine\Input">
      <UniqueIdentifier>{beba60dc-3942-4ab1-9f0d-a5ba3938275e}</UniqueIdentifier>
    </Filter>
    <Filter Include="Engine\Generic">
      <UniqueIdentifier>{a96b1a79-ec6e-4b6d-9735-0670973c18db}</UniqueIdentifier>
    </Filter>
    <Filter Include="CityEngine\City">
      <UniqueIdentifier>{063b2a41-6428-49d6-939c-ff34a666df1f}</UniqueIdentifier>
    </Filter>
    <Filter Include="CityEngine\Building">
      <UniqueIdentifier>{36f97a4b-6d6f-4ac7-86b4-955938b28b5b}</UniqueIdentifier>
    </Filter>
    <Filter Include="CityEngine\Traffic">
      <UniqueIdentifier>{ffb8ac06-1bc4-4a61-974a-81fdce74f88e}</UniqueIdentifier>
    </Filter>
  </ItemGroup>
  <ItemGroup>
    <FxCompile Include="ParticleShader.hlsl">
      <Filter>HLSL</Filter>
    </FxCompile>
    <FxCompile Include="ShadowVLShader.hlsl">
      <Filter>HLSL</Filter>
    </FxCompile>
    <FxCompile Include="DepthShader.hlsl">
      <Filter>HLSL</Filter>
    </FxCompile>
    <FxCompile Include="PerPixelLightingShader.hlsl">
      <Filter>HLSL</Filter>
    </FxCompile>
    <FxCompile Include="VertexLightingShader.hlsl">
      <Filter>HLSL</Filter>
    </FxCompile>
    <FxCompile Include="SpriteShader.hlsl">
      <Filter>HLSL</Filter>
    </FxCompile>
    <FxCompile Include="BillboardShader.hlsl">
      <Filter>HLSL</Filter>
    </FxCompile>
    <FxCompile Include="DefaultShader.hlsl">
      <Filter>HLSL</Filter>
    </FxCompile>
    <FxCompile Include="SkinMeshShader.hlsl">
      <Filter>HLSL</Filter>
    </FxCompile>
  </ItemGroup>
  <ItemGroup>
    <ClCompile Include="main.cpp">
      <Filter>Engine\System</Filter>
    </ClCompile>
    <ClCompile Include="AudioSource.cpp">
      <Filter>Engine\Component</Filter>
    </ClCompile>
    <ClCompile Include="BillboardRenderer.cpp">
      <Filter>Engine\Component\Renderer</Filter>
    </ClCompile>
    <ClCompile Include="BillboardShader.cpp">
      <Filter>Engine\Shader</Filter>
    </ClCompile>
    <ClCompile Include="Camera.cpp">
      <Filter>Engine\Component</Filter>
    </ClCompile>
    <ClCompile Include="CameraController.cpp">
      <Filter>Engine\Component</Filter>
    </ClCompile>
    <ClCompile Include="CollisionManager.cpp">
      <Filter>Engine\Manager</Filter>
    </ClCompile>
    <ClCompile Include="DebugRenderer.cpp">
      <Filter>Engine\System</Filter>
    </ClCompile>
    <ClCompile Include="DefaultShader.cpp">
      <Filter>Engine\Shader</Filter>
    </ClCompile>
    <ClCompile Include="DepthShader.cpp">
      <Filter>Engine\Shader</Filter>
    </ClCompile>
    <ClCompile Include="Game.cpp">
      <Filter>Engine\System</Filter>
    </ClCompile>
    <ClCompile Include="GameObject.cpp">
      <Filter>Engine\System</Filter>
    </ClCompile>
    <ClCompile Include="Component.cpp">
      <Filter>Engine\System</Filter>
    </ClCompile>
    <ClCompile Include="Light.cpp">
      <Filter>Engine\Component</Filter>
    </ClCompile>
    <ClCompile Include="Manager.cpp">
      <Filter>Engine\System</Filter>
    </ClCompile>
    <ClCompile Include="Material.cpp">
      <Filter>Engine\Resource</Filter>
    </ClCompile>
    <ClCompile Include="MeshBoxRenderer.cpp">
      <Filter>Engine\Component\Renderer</Filter>
    </ClCompile>
    <ClCompile Include="MeshDomeRenderer.cpp">
      <Filter>Engine\Component\Renderer</Filter>
    </ClCompile>
    <ClCompile Include="MeshFieldRenderer.cpp">
      <Filter>Engine\Component\Renderer</Filter>
    </ClCompile>
    <ClCompile Include="MeshPlaneRenderer.cpp">
      <Filter>Engine\Component\Renderer</Filter>
    </ClCompile>
    <ClCompile Include="ModeGame.cpp">
      <Filter>ModeGame</Filter>
    </ClCompile>
    <ClCompile Include="ModeResult.cpp">
      <Filter>ModeResult</Filter>
    </ClCompile>
    <ClCompile Include="ParticleRenderer.cpp">
      <Filter>Engine\Component\Renderer</Filter>
    </ClCompile>
    <ClCompile Include="ParticleShader.cpp">
      <Filter>Engine\Shader</Filter>
    </ClCompile>
    <ClCompile Include="PerPixelLightingShader.cpp">
      <Filter>Engine\Shader</Filter>
    </ClCompile>
    <ClCompile Include="Polygon3DRenderer.cpp">
      <Filter>Engine\Component\Renderer</Filter>
    </ClCompile>
    <ClCompile Include="Renderer.cpp">
      <Filter>Engine\Component\Renderer</Filter>
    </ClCompile>
    <ClCompile Include="RenderManager.cpp">
      <Filter>Engine\Manager</Filter>
    </ClCompile>
    <ClCompile Include="RenderTexture.cpp">
      <Filter>Engine\Resource</Filter>
    </ClCompile>
    <ClCompile Include="ResultController.cpp">
      <Filter>ModeResult\Component</Filter>
    </ClCompile>
    <ClCompile Include="Shader.cpp">
      <Filter>Engine\Shader</Filter>
    </ClCompile>
    <ClCompile Include="ShaderManager.cpp">
      <Filter>Engine\Shader</Filter>
    </ClCompile>
    <ClCompile Include="ShadowVLShader.cpp">
      <Filter>Engine\Shader</Filter>
    </ClCompile>
    <ClCompile Include="SoundData.cpp">
      <Filter>Engine\Resource</Filter>
    </ClCompile>
    <ClCompile Include="SoundManager.cpp">
      <Filter>Engine\Manager</Filter>
    </ClCompile>
    <ClCompile Include="SpriteRenderer.cpp">
      <Filter>Engine\Component\Renderer</Filter>
    </ClCompile>
    <ClCompile Include="SpriteShader.cpp">
      <Filter>Engine\Shader</Filter>
    </ClCompile>
    <ClCompile Include="Texture.cpp">
      <Filter>Engine\Resource</Filter>
    </ClCompile>
    <ClCompile Include="TextureManager.cpp">
      <Filter>Engine\Manager</Filter>
    </ClCompile>
    <ClCompile Include="XModelRenderer.cpp">
      <Filter>Engine\Component\Renderer</Filter>
    </ClCompile>
    <ClCompile Include="Transform.cpp">
      <Filter>Engine\Component</Filter>
    </ClCompile>
    <ClCompile Include="VertexLightingShader.cpp">
      <Filter>Engine\Shader</Filter>
    </ClCompile>
    <ClCompile Include="XModelData.cpp">
      <Filter>Engine\Resource</Filter>
    </ClCompile>
    <ClCompile Include="XModelManager.cpp">
      <Filter>Engine\Manager</Filter>
    </ClCompile>
    <ClCompile Include="SkinMeshRenderer.cpp">
      <Filter>Engine\Component\Renderer</Filter>
    </ClCompile>
    <ClCompile Include="SkinMeshShader.cpp">
      <Filter>Engine\Shader</Filter>
    </ClCompile>
    <ClCompile Include="Mode.cpp">
      <Filter>Engine\System</Filter>
    </ClCompile>
    <ClCompile Include="ComponentFactory.cpp">
      <Filter>Engine\System</Filter>
    </ClCompile>
    <ClCompile Include="imgui_impl_dx9.cpp">
      <Filter>Imgui</Filter>
    </ClCompile>
    <ClCompile Include="imgui_draw.cpp">
      <Filter>Imgui</Filter>
    </ClCompile>
    <ClCompile Include="imgui.cpp">
      <Filter>Imgui</Filter>
    </ClCompile>
    <ClCompile Include="imgui_demo.cpp">
      <Filter>Imgui</Filter>
    </ClCompile>
    <ClCompile Include="DebugLog.cpp">
      <Filter>Engine\System</Filter>
    </ClCompile>
    <ClCompile Include="EditSystem.cpp">
      <Filter>Engine\Component</Filter>
    </ClCompile>
    <ClCompile Include="TitleController.cpp">
      <Filter>ModeTitle\Component</Filter>
    </ClCompile>
    <ClCompile Include="ModeTitle.cpp">
      <Filter>ModeTitle</Filter>
    </ClCompile>
    <ClCompile Include="Edge.cpp">
      <Filter>CityEngine\HalfEdge</Filter>
    </ClCompile>
    <ClCompile Include="Face.cpp">
      <Filter>CityEngine\HalfEdge</Filter>
    </ClCompile>
    <ClCompile Include="HalfEdge.cpp">
      <Filter>CityEngine\HalfEdge</Filter>
    </ClCompile>
    <ClCompile Include="Vertex.cpp">
      <Filter>CityEngine\HalfEdge</Filter>
    </ClCompile>
    <ClCompile Include="BoxCollider.cpp">
      <Filter>Engine\Component\Collider</Filter>
    </ClCompile>
    <ClCompile Include="Collider.cpp">
      <Filter>Engine\Component\Collider</Filter>
    </ClCompile>
    <ClCompile Include="MeshFieldCollider.cpp">
      <Filter>Engine\Component\Collider</Filter>
    </ClCompile>
    <ClCompile Include="Slider.cpp">
      <Filter>Engine\Component\Composite</Filter>
    </ClCompile>
    <ClCompile Include="Sun.cpp">
      <Filter>Engine\Component\Composite</Filter>
    </ClCompile>
    <ClCompile Include="MeshField.cpp">
      <Filter>Engine\Component\Composite</Filter>
    </ClCompile>
    <ClCompile Include="PartsAnimator.cpp">
      <Filter>Engine\Component\Composite</Filter>
    </ClCompile>
    <ClCompile Include="SkinMeshModel.cpp">
      <Filter>Engine\Component\Composite</Filter>
    </ClCompile>
    <ClCompile Include="Input.cpp">
      <Filter>Engine\Input</Filter>
    </ClCompile>
    <ClCompile Include="InputHandler.cpp">
      <Filter>Engine\Input</Filter>
    </ClCompile>
    <ClCompile Include="InputKeyboard.cpp">
      <Filter>Engine\Input</Filter>
    </ClCompile>
    <ClCompile Include="InputMouse.cpp">
      <Filter>Engine\Input</Filter>
    </ClCompile>
    <ClCompile Include="Text.cpp">
      <Filter>Engine\Generic</Filter>
    </ClCompile>
    <ClCompile Include="TextureUV.cpp">
      <Filter>Engine\Generic</Filter>
    </ClCompile>
    <ClCompile Include="Vector2.cpp">
      <Filter>Engine\Generic</Filter>
    </ClCompile>
    <ClCompile Include="Vector3.cpp">
      <Filter>Engine\Generic</Filter>
    </ClCompile>
    <ClCompile Include="Ray.cpp">
      <Filter>Engine\Generic</Filter>
    </ClCompile>
    <ClCompile Include="HalfEdgeModel.cpp">
      <Filter>CityEngine\HalfEdge</Filter>
    </ClCompile>
    <ClCompile Include="CityAttribute.cpp">
      <Filter>CityEngine\City</Filter>
    </ClCompile>
    <ClCompile Include="CityController.cpp">
      <Filter>CityEngine\City</Filter>
    </ClCompile>
    <ClCompile Include="CityRule.cpp">
      <Filter>CityEngine\City</Filter>
    </ClCompile>
    <ClCompile Include="JunctionView.cpp">
      <Filter>CityEngine\City</Filter>
    </ClCompile>
    <ClCompile Include="RoadView.cpp">
      <Filter>CityEngine\City</Filter>
    </ClCompile>
    <ClCompile Include="BlockView.cpp">
      <Filter>CityEngine\City</Filter>
    </ClCompile>
    <ClCompile Include="MeshPolygonRenderer.cpp">
      <Filter>Engine\Component\Renderer</Filter>
    </ClCompile>
    <ClCompile Include="Wall.cpp">
      <Filter>CityEngine\Building</Filter>
    </ClCompile>
    <ClCompile Include="Floor.cpp">
      <Filter>CityEngine\Building</Filter>
    </ClCompile>
    <ClCompile Include="ShapeBox.cpp">
      <Filter>CityEngine\Building</Filter>
    </ClCompile>
    <ClCompile Include="BuildingGeometry.cpp">
      <Filter>CityEngine\Building</Filter>
    </ClCompile>
    <ClCompile Include="WallRenderer.cpp">
      <Filter>CityEngine\Building</Filter>
    </ClCompile>
    <ClCompile Include="Land.cpp">
      <Filter>CityEngine\Building</Filter>
    </ClCompile>
    <ClCompile Include="Shape.cpp">
      <Filter>CityEngine\Building</Filter>
    </ClCompile>
    <ClCompile Include="BuildingRuleFactory.cpp">
      <Filter>CityEngine\Building</Filter>
    </ClCompile>
    <ClCompile Include="BuildingRuleSimple.cpp">
      <Filter>CityEngine\Building</Filter>
    </ClCompile>
    <ClCompile Include="BuildingSurfacePattern.cpp">
      <Filter>CityEngine\Building</Filter>
    </ClCompile>
    <ClCompile Include="BlockModel.cpp">
      <Filter>CityEngine\Building</Filter>
    </ClCompile>
    <ClCompile Include="Roof.cpp">
      <Filter>CityEngine\Building</Filter>
    </ClCompile>
    <ClCompile Include="Random.cpp">
      <Filter>Engine\Generic</Filter>
    </ClCompile>
    <ClCompile Include="BuildingController.cpp">
      <Filter>CityEngine\Building</Filter>
    </ClCompile>
    <ClCompile Include="BuildingManager.cpp">
      <Filter>CityEngine\Building</Filter>
    </ClCompile>
    <ClCompile Include="TrafficJunction.cpp">
      <Filter>CityEngine\Traffic</Filter>
    </ClCompile>
    <ClCompile Include="TrafficRoad.cpp">
      <Filter>CityEngine\Traffic</Filter>
    </ClCompile>
    <ClCompile Include="TrafficBuilding.cpp">
      <Filter>CityEngine\Traffic</Filter>
    </ClCompile>
    <ClCompile Include="CarManager.cpp">
      <Filter>CityEngine\Traffic</Filter>
    </ClCompile>
    <ClCompile Include="CarController.cpp">
      <Filter>CityEngine\Traffic</Filter>
    </ClCompile>
    <ClCompile Include="CarState.cpp">
      <Filter>CityEngine\Traffic</Filter>
    </ClCompile>
    <ClCompile Include="TileCurve.cpp">
      <Filter>CityEngine\Building</Filter>
    </ClCompile>
    <ClCompile Include="TileDefault.cpp">
      <Filter>CityEngine\Building</Filter>
    </ClCompile>
    <ClCompile Include="BuildingRuleCylinder.cpp">
      <Filter>CityEngine\Building</Filter>
    </ClCompile>
    <ClCompile Include="ShapeCylinder.cpp">
      <Filter>CityEngine\Building</Filter>
    </ClCompile>
  </ItemGroup>
  <ItemGroup>
    <ClInclude Include="ModeTitle.h">
      <Filter>ModeTitle</Filter>
    </ClInclude>
    <ClInclude Include="TitleController.h">
      <Filter>ModeTitle\Component</Filter>
    </ClInclude>
    <ClInclude Include="imgui_impl_dx9.h">
      <Filter>Imgui</Filter>
    </ClInclude>
    <ClInclude Include="imgui.h">
      <Filter>Imgui</Filter>
    </ClInclude>
    <ClInclude Include="imgui_internal.h">
      <Filter>Imgui</Filter>
    </ClInclude>
    <ClInclude Include="stb_rect_pack.h">
      <Filter>Imgui</Filter>
    </ClInclude>
    <ClInclude Include="stb_textedit.h">
      <Filter>Imgui</Filter>
    </ClInclude>
    <ClInclude Include="stb_truetype.h">
      <Filter>Imgui</Filter>
    </ClInclude>
    <ClInclude Include="imconfig.h">
      <Filter>Imgui</Filter>
    </ClInclude>
    <ClInclude Include="BillboardRenderer.h">
      <Filter>Engine\Component\Renderer</Filter>
    </ClInclude>
    <ClInclude Include="MeshBoxRenderer.h">
      <Filter>Engine\Component\Renderer</Filter>
    </ClInclude>
    <ClInclude Include="MeshDomeRenderer.h">
      <Filter>Engine\Component\Renderer</Filter>
    </ClInclude>
    <ClInclude Include="MeshFieldRenderer.h">
      <Filter>Engine\Component\Renderer</Filter>
    </ClInclude>
    <ClInclude Include="MeshPlaneRenderer.h">
      <Filter>Engine\Component\Renderer</Filter>
    </ClInclude>
    <ClInclude Include="ParticleRenderer.h">
      <Filter>Engine\Component\Renderer</Filter>
    </ClInclude>
    <ClInclude Include="Polygon3DRenderer.h">
      <Filter>Engine\Component\Renderer</Filter>
    </ClInclude>
    <ClInclude Include="Renderer.h">
      <Filter>Engine\Component\Renderer</Filter>
    </ClInclude>
    <ClInclude Include="SkinMeshRenderer.h">
      <Filter>Engine\Component\Renderer</Filter>
    </ClInclude>
    <ClInclude Include="SpriteRenderer.h">
      <Filter>Engine\Component\Renderer</Filter>
    </ClInclude>
    <ClInclude Include="XModelRenderer.h">
      <Filter>Engine\Component\Renderer</Filter>
    </ClInclude>
    <ClInclude Include="AudioSource.h">
      <Filter>Engine\Component</Filter>
    </ClInclude>
    <ClInclude Include="Camera.h">
      <Filter>Engine\Component</Filter>
    </ClInclude>
    <ClInclude Include="CameraController.h">
      <Filter>Engine\Component</Filter>
    </ClInclude>
    <ClInclude Include="EditSystem.h">
      <Filter>Engine\Component</Filter>
    </ClInclude>
    <ClInclude Include="Light.h">
      <Filter>Engine\Component</Filter>
    </ClInclude>
    <ClInclude Include="Transform.h">
      <Filter>Engine\Component</Filter>
    </ClInclude>
    <ClInclude Include="CollisionManager.h">
      <Filter>Engine\Manager</Filter>
    </ClInclude>
    <ClInclude Include="RenderManager.h">
      <Filter>Engine\Manager</Filter>
    </ClInclude>
    <ClInclude Include="SoundManager.h">
      <Filter>Engine\Manager</Filter>
    </ClInclude>
    <ClInclude Include="TextureManager.h">
      <Filter>Engine\Manager</Filter>
    </ClInclude>
    <ClInclude Include="XModelManager.h">
      <Filter>Engine\Manager</Filter>
    </ClInclude>
    <ClInclude Include="Material.h">
      <Filter>Engine\Resource</Filter>
    </ClInclude>
    <ClInclude Include="RenderTexture.h">
      <Filter>Engine\Resource</Filter>
    </ClInclude>
    <ClInclude Include="SkinMeshDataFormat.h">
      <Filter>Engine\Resource</Filter>
    </ClInclude>
    <ClInclude Include="SoundData.h">
      <Filter>Engine\Resource</Filter>
    </ClInclude>
    <ClInclude Include="Texture.h">
      <Filter>Engine\Resource</Filter>
    </ClInclude>
    <ClInclude Include="XModelData.h">
      <Filter>Engine\Resource</Filter>
    </ClInclude>
    <ClInclude Include="BillboardShader.h">
      <Filter>Engine\Shader</Filter>
    </ClInclude>
    <ClInclude Include="DefaultShader.h">
      <Filter>Engine\Shader</Filter>
    </ClInclude>
    <ClInclude Include="DepthShader.h">
      <Filter>Engine\Shader</Filter>
    </ClInclude>
    <ClInclude Include="ParticleShader.h">
      <Filter>Engine\Shader</Filter>
    </ClInclude>
    <ClInclude Include="PerPixelLightingShader.h">
      <Filter>Engine\Shader</Filter>
    </ClInclude>
    <ClInclude Include="Shader.h">
      <Filter>Engine\Shader</Filter>
    </ClInclude>
    <ClInclude Include="ShaderManager.h">
      <Filter>Engine\Shader</Filter>
    </ClInclude>
    <ClInclude Include="ShadowVLShader.h">
      <Filter>Engine\Shader</Filter>
    </ClInclude>
    <ClInclude Include="SkinMeshShader.h">
      <Filter>Engine\Shader</Filter>
    </ClInclude>
    <ClInclude Include="SpriteShader.h">
      <Filter>Engine\Shader</Filter>
    </ClInclude>
    <ClInclude Include="VertexLightingShader.h">
      <Filter>Engine\Shader</Filter>
    </ClInclude>
    <ClInclude Include="Component.h">
      <Filter>Engine\System</Filter>
    </ClInclude>
    <ClInclude Include="ComponentFactory.h">
      <Filter>Engine\System</Filter>
    </ClInclude>
    <ClInclude Include="DebugLog.h">
      <Filter>Engine\System</Filter>
    </ClInclude>
    <ClInclude Include="DebugRenderer.h">
      <Filter>Engine\System</Filter>
    </ClInclude>
    <ClInclude Include="Factory.h">
      <Filter>Engine\System</Filter>
    </ClInclude>
    <ClInclude Include="Game.h">
      <Filter>Engine\System</Filter>
    </ClInclude>
    <ClInclude Include="GameObject.h">
      <Filter>Engine\System</Filter>
    </ClInclude>
    <ClInclude Include="Manager.h">
      <Filter>Engine\System</Filter>
    </ClInclude>
    <ClInclude Include="Mode.h">
      <Filter>Engine\System</Filter>
    </ClInclude>
    <ClInclude Include="RaycastHit.h">
      <Filter>Engine\System</Filter>
    </ClInclude>
    <ClInclude Include="ComponentInclude.h">
      <Filter>Engine\System</Filter>
    </ClInclude>
    <ClInclude Include="ModeGame.h">
      <Filter>ModeGame</Filter>
    </ClInclude>
    <ClInclude Include="ResultController.h">
      <Filter>ModeResult\Component</Filter>
    </ClInclude>
    <ClInclude Include="ModeResult.h">
      <Filter>ModeResult</Filter>
    </ClInclude>
    <ClInclude Include="Attribute.h">
      <Filter>CityEngine\HalfEdge</Filter>
    </ClInclude>
    <ClInclude Include="Edge.h">
      <Filter>CityEngine\HalfEdge</Filter>
    </ClInclude>
    <ClInclude Include="Face.h">
      <Filter>CityEngine\HalfEdge</Filter>
    </ClInclude>
    <ClInclude Include="HalfEdge.h">
      <Filter>CityEngine\HalfEdge</Filter>
    </ClInclude>
    <ClInclude Include="Rule.h">
      <Filter>CityEngine\HalfEdge</Filter>
    </ClInclude>
    <ClInclude Include="Vertex.h">
      <Filter>CityEngine\HalfEdge</Filter>
    </ClInclude>
    <ClInclude Include="BoxCollider.h">
      <Filter>Engine\Component\Collider</Filter>
    </ClInclude>
    <ClInclude Include="Collider.h">
      <Filter>Engine\Component\Collider</Filter>
    </ClInclude>
    <ClInclude Include="MeshFieldCollider.h">
      <Filter>Engine\Component\Collider</Filter>
    </ClInclude>
    <ClInclude Include="Slider.h">
      <Filter>Engine\Component\Composite</Filter>
    </ClInclude>
    <ClInclude Include="Sun.h">
      <Filter>Engine\Component\Composite</Filter>
    </ClInclude>
    <ClInclude Include="MeshField.h">
      <Filter>Engine\Component\Composite</Filter>
    </ClInclude>
    <ClInclude Include="PartsAnimator.h">
      <Filter>Engine\Component\Composite</Filter>
    </ClInclude>
    <ClInclude Include="SkinMeshModel.h">
      <Filter>Engine\Component\Composite</Filter>
    </ClInclude>
    <ClInclude Include="Input.h">
      <Filter>Engine\Input</Filter>
    </ClInclude>
    <ClInclude Include="InputHandler.h">
      <Filter>Engine\Input</Filter>
    </ClInclude>
    <ClInclude Include="InputKeyboard.h">
      <Filter>Engine\Input</Filter>
    </ClInclude>
    <ClInclude Include="InputMouse.h">
      <Filter>Engine\Input</Filter>
    </ClInclude>
    <ClInclude Include="Vector3.h">
      <Filter>Engine\Generic</Filter>
    </ClInclude>
    <ClInclude Include="Text.h">
      <Filter>Engine\Generic</Filter>
    </ClInclude>
    <ClInclude Include="TextureUV.h">
      <Filter>Engine\Generic</Filter>
    </ClInclude>
    <ClInclude Include="Vector2.h">
      <Filter>Engine\Generic</Filter>
    </ClInclude>
    <ClInclude Include="Ray.h">
      <Filter>Engine\Generic</Filter>
    </ClInclude>
    <ClInclude Include="HalfEdgeModel.h">
      <Filter>CityEngine\HalfEdge</Filter>
    </ClInclude>
    <ClInclude Include="CityAttribute.h">
      <Filter>CityEngine\City</Filter>
    </ClInclude>
    <ClInclude Include="CityController.h">
      <Filter>CityEngine\City</Filter>
    </ClInclude>
    <ClInclude Include="CityRule.h">
      <Filter>CityEngine\City</Filter>
    </ClInclude>
    <ClInclude Include="JunctionView.h">
      <Filter>CityEngine\City</Filter>
    </ClInclude>
    <ClInclude Include="RoadView.h">
      <Filter>CityEngine\City</Filter>
    </ClInclude>
    <ClInclude Include="BlockView.h">
      <Filter>CityEngine\City</Filter>
    </ClInclude>
    <ClInclude Include="MeshPolygonRenderer.h">
      <Filter>Engine\Component\Renderer</Filter>
    </ClInclude>
    <ClInclude Include="Shape.h">
      <Filter>CityEngine\Building</Filter>
    </ClInclude>
    <ClInclude Include="Roof.h">
      <Filter>CityEngine\Building</Filter>
    </ClInclude>
    <ClInclude Include="Wall.h">
      <Filter>CityEngine\Building</Filter>
    </ClInclude>
    <ClInclude Include="Floor.h">
      <Filter>CityEngine\Building</Filter>
    </ClInclude>
    <ClInclude Include="Tile.h">
      <Filter>CityEngine\Building</Filter>
    </ClInclude>
    <ClInclude Include="ShapeBox.h">
      <Filter>CityEngine\Building</Filter>
    </ClInclude>
    <ClInclude Include="BuildingGeometry.h">
      <Filter>CityEngine\Building</Filter>
    </ClInclude>
    <ClInclude Include="WallRenderer.h">
      <Filter>CityEngine\Building</Filter>
    </ClInclude>
    <ClInclude Include="Land.h">
      <Filter>CityEngine\Building</Filter>
    </ClInclude>
    <ClInclude Include="BuildingRuleFactory.h">
      <Filter>CityEngine\Building</Filter>
    </ClInclude>
    <ClInclude Include="BuildingRule.h">
      <Filter>CityEngine\Building</Filter>
    </ClInclude>
    <ClInclude Include="BuildingRuleSimple.h">
      <Filter>CityEngine\Building</Filter>
    </ClInclude>
    <ClInclude Include="BuildingSurfacePattern.h">
      <Filter>CityEngine\Building</Filter>
    </ClInclude>
    <ClInclude Include="BlockModel.h">
      <Filter>CityEngine\Building</Filter>
    </ClInclude>
    <ClInclude Include="Random.h">
      <Filter>Engine\Generic</Filter>
    </ClInclude>
    <ClInclude Include="BuildingController.h">
      <Filter>CityEngine\Building</Filter>
    </ClInclude>
    <ClInclude Include="BuildingManager.h">
      <Filter>CityEngine\Building</Filter>
    </ClInclude>
    <ClInclude Include="TrafficJunction.h">
      <Filter>CityEngine\Traffic</Filter>
    </ClInclude>
    <ClInclude Include="TrafficRoad.h">
      <Filter>CityEngine\Traffic</Filter>
    </ClInclude>
    <ClInclude Include="TrafficBuilding.h">
      <Filter>CityEngine\Traffic</Filter>
    </ClInclude>
    <ClInclude Include="CarManager.h">
      <Filter>CityEngine\Traffic</Filter>
    </ClInclude>
    <ClInclude Include="CarController.h">
      <Filter>CityEngine\Traffic</Filter>
    </ClInclude>
    <ClInclude Include="CarState.h">
      <Filter>CityEngine\Traffic</Filter>
    </ClInclude>
    <ClInclude Include="TileCurve.h">
      <Filter>CityEngine\Building</Filter>
    </ClInclude>
    <ClInclude Include="TileDefault.h">
      <Filter>CityEngine\Building</Filter>
    </ClInclude>
    <ClInclude Include="BuildingRuleCylinder.h">
      <Filter>CityEngine\Building</Filter>
    </ClInclude>
    <ClInclude Include="ShapeCylinder.h">
      <Filter>CityEngine\Building</Filter>
    </ClInclude>
  </ItemGroup>
</Project>